
Microsoft Visual Studio Solution File, Format Version 12.00
# Visual Studio Version 17
VisualStudioVersion = 17.8.34330.188
MinimumVisualStudioVersion = 10.0.40219.1
Project("{9A19103F-16F7-4668-BE54-9A1E7A4F7556}") = "Client", "Client\Client.csproj", "{AE27755D-4AE3-4583-B97F-CCC6A3CB5965}"
EndProject
Global
	GlobalSection(SolutionConfigurationPlatforms) = preSolution
		Debug|Any CPU = Debug|Any CPU
		Release|Any CPU = Release|Any CPU
	EndGlobalSection
	GlobalSection(ProjectConfigurationPlatforms) = postSolution
		{AE27755D-4AE3-4583-B97F-CCC6A3CB5965}.Debug|Any CPU.ActiveCfg = Debug|Any CPU
		{AE27755D-4AE3-4583-B97F-CCC6A3CB5965}.Debug|Any CPU.Build.0 = Debug|Any CPU
		{AE27755D-4AE3-4583-B97F-CCC6A3CB5965}.Release|Any CPU.ActiveCfg = Release|Any CPU
		{AE27755D-4AE3-4583-B97F-CCC6A3CB5965}.Release|Any CPU.Build.0 = Release|Any CPU
	EndGlobalSection
	GlobalSection(SolutionProperties) = preSolution
		HideSolutionNode = FALSE
	EndGlobalSection
	GlobalSection(ExtensibilityGlobals) = postSolution
		SolutionGuid = {1E0C188A-EF89-496C-9C33-7C9796D05EE4}
	EndGlobalSection
EndGlobal
